
Microsoft Visual Studio Solution File, Format Version 12.00
# Visual Studio Version 17
VisualStudioVersion = 17.5.33424.131
MinimumVisualStudioVersion = 10.0.40219.1
Project("{9A19103F-16F7-4668-BE54-9A1E7A4F7556}") = "ComplexDialog.Blazor.Server", "ComplexDialog.Blazor.Server\ComplexDialog.Blazor.Server.csproj", "{65F968F5-D818-4791-93CE-5696B778C093}"
EndProject
Project("{9A19103F-16F7-4668-BE54-9A1E7A4F7556}") = "ComplexDialog.Module", "ComplexDialog.Module\ComplexDialog.Module.csproj", "{2EE0EBD4-A17B-4D39-9730-8177326095A0}"
EndProject
Project("{9A19103F-16F7-4668-BE54-9A1E7A4F7556}") = "ComplexDialog.Win", "ComplexDialog.Win\ComplexDialog.Win.csproj", "{A9FD0A8C-1E3F-4323-8167-C48C16FA754C}"
EndProject
Global
	GlobalSection(SolutionConfigurationPlatforms) = preSolution
		Debug|Any CPU = Debug|Any CPU
		EasyTest|Any CPU = EasyTest|Any CPU
		Release|Any CPU = Release|Any CPU
	EndGlobalSection
	GlobalSection(ProjectConfigurationPlatforms) = postSolution
		{2EE0EBD4-A17B-4D39-9730-8177326095A0}.Debug|Any CPU.ActiveCfg = Debug|Any CPU
		{2EE0EBD4-A17B-4D39-9730-8177326095A0}.Debug|Any CPU.Build.0 = Debug|Any CPU
		{2EE0EBD4-A17B-4D39-9730-8177326095A0}.EasyTest|Any CPU.ActiveCfg = EasyTest|Any CPU
		{2EE0EBD4-A17B-4D39-9730-8177326095A0}.EasyTest|Any CPU.Build.0 = EasyTest|Any CPU
		{2EE0EBD4-A17B-4D39-9730-8177326095A0}.Release|Any CPU.ActiveCfg = Release|Any CPU
		{2EE0EBD4-A17B-4D39-9730-8177326095A0}.Release|Any CPU.Build.0 = Release|Any CPU
		{A9FD0A8C-1E3F-4323-8167-C48C16FA754C}.Debug|Any CPU.ActiveCfg = Debug|Any CPU
		{A9FD0A8C-1E3F-4323-8167-C48C16FA754C}.Debug|Any CPU.Build.0 = Debug|Any CPU
		{A9FD0A8C-1E3F-4323-8167-C48C16FA754C}.EasyTest|Any CPU.ActiveCfg = EasyTest|Any CPU
		{A9FD0A8C-1E3F-4323-8167-C48C16FA754C}.EasyTest|Any CPU.Build.0 = EasyTest|Any CPU
		{A9FD0A8C-1E3F-4323-8167-C48C16FA754C}.Release|Any CPU.ActiveCfg = Release|Any CPU
		{A9FD0A8C-1E3F-4323-8167-C48C16FA754C}.Release|Any CPU.Build.0 = Release|Any CPU
		{65F968F5-D818-4791-93CE-5696B778C093}.Debug|Any CPU.ActiveCfg = Debug|Any CPU
		{65F968F5-D818-4791-93CE-5696B778C093}.Debug|Any CPU.Build.0 = Debug|Any CPU
		{65F968F5-D818-4791-93CE-5696B778C093}.EasyTest|Any CPU.ActiveCfg = EasyTest|Any CPU
		{65F968F5-D818-4791-93CE-5696B778C093}.EasyTest|Any CPU.Build.0 = EasyTest|Any CPU
		{65F968F5-D818-4791-93CE-5696B778C093}.Release|Any CPU.ActiveCfg = Release|Any CPU
		{65F968F5-D818-4791-93CE-5696B778C093}.Release|Any CPU.Build.0 = Release|Any CPU
	EndGlobalSection
	GlobalSection(SolutionProperties) = preSolution
		HideSolutionNode = FALSE
	EndGlobalSection
EndGlobal
