Microsoft Visual Studio Solution File, Format Version 11.00
# Visual Studio 2010
Project("{FAE04EC0-301F-11D3-BF4B-00C04F79EFBC}") = "ComplexDialogSample.Module", "ComplexDialogSample.Module\ComplexDialogSample.Module.csproj", "{4C0061F0-6A9F-40DA-9FE0-FA0ADCB941D4}"
EndProject
Project("{FAE04EC0-301F-11D3-BF4B-00C04F79EFBC}") = "ComplexDialogSample.Module.Web", "ComplexDialogSample.Module.Web\ComplexDialogSample.Module.Web.csproj", "{8CC4C7AD-5088-4944-91D0-22CD0A8D72FB}"
EndProject
Project("{FAE04EC0-301F-11D3-BF4B-00C04F79EFBC}") = "ComplexDialogSample.Web", "ComplexDialogSample.Web\ComplexDialogSample.Web.csproj", "{6B884374-E9B2-4AEE-AECE-3C5076E35BA2}"
EndProject
Project("{FAE04EC0-301F-11D3-BF4B-00C04F79EFBC}") = "ComplexDialogSample.Module.Win", "ComplexDialogSample.Module.Win\ComplexDialogSample.Module.Win.csproj", "{8DFAC161-B2D8-488F-BA6F-1E0B9401EBCA}"
EndProject
Project("{FAE04EC0-301F-11D3-BF4B-00C04F79EFBC}") = "ComplexDialogSample.Win", "ComplexDialogSample.Win\ComplexDialogSample.Win.csproj", "{8E92F823-B425-4AB3-8AB6-28EB2F6B7FB9}"
EndProject
Global
	GlobalSection(SolutionConfigurationPlatforms) = preSolution
		Debug|Any CPU = Debug|Any CPU
		EasyTest|Any CPU = EasyTest|Any CPU
		Release|Any CPU = Release|Any CPU
	EndGlobalSection
	GlobalSection(ProjectConfigurationPlatforms) = postSolution
		{4C0061F0-6A9F-40DA-9FE0-FA0ADCB941D4}.Debug|Any CPU.ActiveCfg = Debug|Any CPU
		{4C0061F0-6A9F-40DA-9FE0-FA0ADCB941D4}.Debug|Any CPU.Build.0 = Debug|Any CPU
		{4C0061F0-6A9F-40DA-9FE0-FA0ADCB941D4}.EasyTest|Any CPU.ActiveCfg = EasyTest|Any CPU
		{4C0061F0-6A9F-40DA-9FE0-FA0ADCB941D4}.EasyTest|Any CPU.Build.0 = EasyTest|Any CPU
		{4C0061F0-6A9F-40DA-9FE0-FA0ADCB941D4}.Release|Any CPU.ActiveCfg = Release|Any CPU
		{4C0061F0-6A9F-40DA-9FE0-FA0ADCB941D4}.Release|Any CPU.Build.0 = Release|Any CPU
		{8CC4C7AD-5088-4944-91D0-22CD0A8D72FB}.Debug|Any CPU.ActiveCfg = Debug|Any CPU
		{8CC4C7AD-5088-4944-91D0-22CD0A8D72FB}.Debug|Any CPU.Build.0 = Debug|Any CPU
		{8CC4C7AD-5088-4944-91D0-22CD0A8D72FB}.EasyTest|Any CPU.ActiveCfg = EasyTest|Any CPU
		{8CC4C7AD-5088-4944-91D0-22CD0A8D72FB}.EasyTest|Any CPU.Build.0 = EasyTest|Any CPU
		{8CC4C7AD-5088-4944-91D0-22CD0A8D72FB}.Release|Any CPU.ActiveCfg = Release|Any CPU
		{8CC4C7AD-5088-4944-91D0-22CD0A8D72FB}.Release|Any CPU.Build.0 = Release|Any CPU
		{6B884374-E9B2-4AEE-AECE-3C5076E35BA2}.Debug|Any CPU.ActiveCfg = Debug|Any CPU
		{6B884374-E9B2-4AEE-AECE-3C5076E35BA2}.Debug|Any CPU.Build.0 = Debug|Any CPU
		{6B884374-E9B2-4AEE-AECE-3C5076E35BA2}.EasyTest|Any CPU.ActiveCfg = EasyTest|Any CPU
		{6B884374-E9B2-4AEE-AECE-3C5076E35BA2}.EasyTest|Any CPU.Build.0 = EasyTest|Any CPU
		{6B884374-E9B2-4AEE-AECE-3C5076E35BA2}.Release|Any CPU.ActiveCfg = Release|Any CPU
		{6B884374-E9B2-4AEE-AECE-3C5076E35BA2}.Release|Any CPU.Build.0 = Release|Any CPU
		{8DFAC161-B2D8-488F-BA6F-1E0B9401EBCA}.Debug|Any CPU.ActiveCfg = Debug|Any CPU
		{8DFAC161-B2D8-488F-BA6F-1E0B9401EBCA}.Debug|Any CPU.Build.0 = Debug|Any CPU
		{8DFAC161-B2D8-488F-BA6F-1E0B9401EBCA}.EasyTest|Any CPU.ActiveCfg = EasyTest|Any CPU
		{8DFAC161-B2D8-488F-BA6F-1E0B9401EBCA}.EasyTest|Any CPU.Build.0 = EasyTest|Any CPU
		{8DFAC161-B2D8-488F-BA6F-1E0B9401EBCA}.Release|Any CPU.ActiveCfg = Release|Any CPU
		{8DFAC161-B2D8-488F-BA6F-1E0B9401EBCA}.Release|Any CPU.Build.0 = Release|Any CPU
		{8E92F823-B425-4AB3-8AB6-28EB2F6B7FB9}.Debug|Any CPU.ActiveCfg = Debug|Any CPU
		{8E92F823-B425-4AB3-8AB6-28EB2F6B7FB9}.Debug|Any CPU.Build.0 = Debug|Any CPU
		{8E92F823-B425-4AB3-8AB6-28EB2F6B7FB9}.EasyTest|Any CPU.ActiveCfg = EasyTest|Any CPU
		{8E92F823-B425-4AB3-8AB6-28EB2F6B7FB9}.EasyTest|Any CPU.Build.0 = EasyTest|Any CPU
		{8E92F823-B425-4AB3-8AB6-28EB2F6B7FB9}.Release|Any CPU.ActiveCfg = Release|Any CPU
		{8E92F823-B425-4AB3-8AB6-28EB2F6B7FB9}.Release|Any CPU.Build.0 = Release|Any CPU
	EndGlobalSection
	GlobalSection(SolutionProperties) = preSolution
		HideSolutionNode = FALSE
	EndGlobalSection
EndGlobal
